hash: da88beff52f1c98dbd9971ae46d62b03eb850668cbb9786bebed386ef24e5eec
updated: 2017-06-10T15:40:02.266353984+02:00
imports:
- name: github.com/gorilla/context
  version: 08b5f424b9271eedf6f9f0ce86cb9396ed337a42
- name: github.com/gorilla/mux
  version: bcd8bc72b08df0f70df986b97f95590779502d31
- name: github.com/joeshaw/envdecode
  version: 80f1552844fb7b53167f2eece6242494396b2fe6
- name: github.com/patrickmn/go-cache
  version: 1881a9bccb818787f68c52bfba648c6cf34c34fa
- name: github.com/Sirupsen/logrus
  version: ba1b36c82c5e05c4f912a88eab0dcd91a171688f
- name: golang.org/x/net
  version: 35b06af0720201bc2f326773a80767387544f8c4
  subpackages:
  - context
  - context/ctxhttp
- name: golang.org/x/sys
  version: a55a76086885b80f79961eacb876ebd8caf3868d
  subpackages:
  - unix
- name: googlemaps.github.io/maps
  version: b0c0aaf9aeaa6218a0965867bdeb303fc312b889
  subpackages:
  - internal
testImports: []
